
Microsoft Visual Studio Solution File, Format Version 12.00
# Visual Studio 15
VisualStudioVersion = 15.0.27703.2042
MinimumVisualStudioVersion = 10.0.40219.1
Project("{FAE04EC0-301F-11D3-BF4B-00C04F79EFBC}") = "2d-console-game-engine", "2d-console-game-engine\2d-console-game-engine.csproj", "{B1D3BB78-C162-4A24-8980-6ACE301F4F63}"
EndProject
Global
	GlobalSection(SolutionConfigurationPlatforms) = preSolution
		Debug|Any CPU = Debug|Any CPU
		Release|Any CPU = Release|Any CPU
	EndGlobalSection
	GlobalSection(ProjectConfigurationPlatforms) = postSolution
		{B1D3BB78-C162-4A24-8980-6ACE301F4F63}.Debug|Any CPU.ActiveCfg = Debug|Any CPU
		{B1D3BB78-C162-4A24-8980-6ACE301F4F63}.Debug|Any CPU.Build.0 = Debug|Any CPU
		{B1D3BB78-C162-4A24-8980-6ACE301F4F63}.Release|Any CPU.ActiveCfg = Release|Any CPU
		{B1D3BB78-C162-4A24-8980-6ACE301F4F63}.Release|Any CPU.Build.0 = Release|Any CPU
	EndGlobalSection
	GlobalSection(SolutionProperties) = preSolution
		HideSolutionNode = FALSE
	EndGlobalSection
	GlobalSection(ExtensibilityGlobals) = postSolution
		SolutionGuid = {3712D919-B23C-4F2A-B9C0-F9E7073D1B2A}
	EndGlobalSection
EndGlobal
